{
  "name": "find-decimals",
  "version": "1.0.4",
  "lockfileVersion": 2,
  "requires": true,
  "packages": {
    "": {
      "name": "find-decimals",
      "version": "1.0.4",
      "license": "MIT",
      "dependencies": {
        "find-decimals": "^1.0.2"
      }
    },
    "node_modules/find-decimals": {
      "version": "1.0.2",
      "resolved": "https://registry.npmjs.org/find-decimals/-/find-decimals-1.0.2.tgz",
      "integrity": "sha512-pyG+Xkdj03ouMcSTBtLAArJekFGG2p2Ipq4EUGZlJ5rftzYv2Ixmr9R7rXAxYd+4zTXTN6YgcCEYe4RgR369Qw=="
    }
  },
  "dependencies": {
    "find-decimals": {
      "version": "1.0.2",
      "resolved": "https://registry.npmjs.org/find-decimals/-/find-decimals-1.0.2.tgz",
      "integrity": "sha512-pyG+Xkdj03ouMcSTBtLAArJekFGG2p2Ipq4EUGZlJ5rftzYv2Ixmr9R7rXAxYd+4zTXTN6YgcCEYe4RgR369Qw=="
    }
  }
}
